// !$*UTF8*$!
{
	archiveVersion = 1;
	classes = {
	};
	objectVersion = 50;
	objects = {

/* Begin PBXBuildFile section */
		58A6D15F20F3AFC6002899D7 /* AppDelegate.m in Sources */ = {isa = PBXBuildFile; fileRef = 58A6D15E20F3AFC6002899D7 /* AppDelegate.m */; };
		58A6D16220F3AFC6002899D7 /* ViewController.m in Sources */ = {isa = PBXBuildFile; fileRef = 58A6D16120F3AFC6002899D7 /* ViewController.m */; };
		58A6D16520F3AFC6002899D7 /* Main.storyboard in Resources */ = {isa = PBXBuildFile; fileRef = 58A6D16320F3AFC6002899D7 /* Main.storyboard */; };
		58A6D16720F3AFC8002899D7 /* Assets.xcassets in Resources */ = {isa = PBXBuildFile; fileRef = 58A6D16620F3AFC8002899D7 /* Assets.xcassets */; };
		58A6D16A20F3AFC8002899D7 /* LaunchScreen.storyboard in Resources */ = {isa = PBXBuildFile; fileRef = 58A6D16820F3AFC8002899D7 /* LaunchScreen.storyboard */; };
		58A6D16D20F3AFC8002899D7 /* main.m in Sources */ = {isa = PBXBuildFile; fileRef = 58A6D16C20F3AFC8002899D7 /* main.m */; };
		58A6D17720F3AFC8002899D7 /* DynamicKitTests.m in Sources */ = {isa = PBXBuildFile; fileRef = 58A6D17620F3AFC8002899D7 /* DynamicKitTests.m */; };
/* End PBXBuildFile section */

/* Begin PBXContainerItemProxy section */
		58A6D17320F3AFC8002899D7 /* PBXContainerItemProxy */ = {
			isa = PBXContainerItemProxy;
			containerPortal = 58A6D15220F3AFC6002899D7 /* Project object */;
			proxyType = 1;
			remoteGlobalIDString = 58A6D15920F3AFC6002899D7;
			remoteInfo = DynamicKit;
		};
/* End PBXContainerItemProxy section */

/* Begin PBXFileReference section */
		58A6D15A20F3AFC6002899D7 /* DynamicKit.app */ = {isa = PBXFileReference; explicitFileType = wrapper.application; includeInIndex = 0; path = DynamicKit.app; sourceTree = BUILT_PRODUCTS_DIR; };
		58A6D15D20F3AFC6002899D7 /* AppDelegate.h */ = {isa = PBXFileReference; lastKnownFileType = sourcecode.c.h; path = AppDelegate.h; sourceTree = "<group>"; };
		58A6D15E20F3AFC6002899D7 /* AppDelegate.m */ = {isa = PBXFileReference; lastKnownFileType = sourcecode.c.objc; path = AppDelegate.m; sourceTree = "<group>"; };
		58A6D16020F3AFC6002899D7 /* ViewController.h */ = {isa = PBXFileReference; lastKnownFileType = sourcecode.c.h; path = ViewController.h; sourceTree = "<group>"; };
		58A6D16120F3AFC6002899D7 /* ViewController.m */ = {isa = PBXFileReference; lastKnownFileType = sourcecode.c.objc; path = ViewController.m; sourceTree = "<group>"; };
		58A6D16420F3AFC6002899D7 /* Base */ = {isa = PBXFileReference; lastKnownFileType = file.storyboard; name = Base; path = Base.lproj/Main.storyboard; sourceTree = "<group>"; };
		58A6D16620F3AFC8002899D7 /* Assets.xcassets */ = {isa = PBXFileReference; lastKnownFileType = folder.assetcatalog; path = Assets.xcassets; sourceTree = "<group>"; };
		58A6D16920F3AFC8002899D7 /* Base */ = {isa = PBXFileReference; lastKnownFileType = file.storyboard; name = Base; path = Base.lproj/LaunchScreen.storyboard; sourceTree = "<group>"; };
		58A6D16B20F3AFC8002899D7 /* Info.plist */ = {isa = PBXFileReference; lastKnownFileType = text.plist.xml; path = Info.plist; sourceTree = "<group>"; };
		58A6D16C20F3AFC8002899D7 /* main.m */ = {isa = PBXFileReference; lastKnownFileType = sourcecode.c.objc; path = main.m; sourceTree = "<group>"; };
		58A6D17220F3AFC8002899D7 /* DynamicKitTests.xctest */ = {isa = PBXFileReference; explicitFileType = wrapper.cfbundle; includeInIndex = 0; path = DynamicKitTests.xctest; sourceTree = BUILT_PRODUCTS_DIR; };
		58A6D17620F3AFC8002899D7 /* DynamicKitTests.m */ = {isa = PBXFileReference; lastKnownFileType = sourcecode.c.objc; path = DynamicKitTests.m; sourceTree = "<group>"; };
		58A6D17820F3AFC8002899D7 /* Info.plist */ = {isa = PBXFileReference; lastKnownFileType = text.plist.xml; path = Info.plist; sourceTree = "<group>"; };
/* End PBXFileReference section */

/* Begin PBXFrameworksBuildPhase section */
		58A6D15720F3AFC6002899D7 /* Frameworks */ = {
			isa = PBXFrameworksBuildPhase;
			buildActionMask = 2147483647;
			files = (
			);
			runOnlyForDeploymentPostprocessing = 0;
		};
		58A6D16F20F3AFC8002899D7 /* Frameworks */ = {
			isa = PBXFrameworksBuildPhase;
			buildActionMask = 2147483647;
			files = (
			);
			runOnlyForDeploymentPostprocessing = 0;
		};
/* End PBXFrameworksBuildPhase section */

/* Begin PBXGroup section */
		58A6D15120F3AFC6002899D7 = {
			isa = PBXGroup;
			children = (
				58A6D15C20F3AFC6002899D7 /* DynamicKit */,
				58A6D17520F3AFC8002899D7 /* DynamicKitTests */,
				58A6D15B20F3AFC6002899D7 /* Products */,
			);
			sourceTree = "<group>";
		};
		58A6D15B20F3AFC6002899D7 /* Products */ = {
			isa = PBXGroup;
			children = (
				58A6D15A20F3AFC6002899D7 /* DynamicKit.app */,
				58A6D17220F3AFC8002899D7 /* DynamicKitTests.xctest */,
			);
			name = Products;
			sourceTree = "<group>";
		};
		58A6D15C20F3AFC6002899D7 /* DynamicKit */ = {
			isa = PBXGroup;
			children = (
				58A6D15D20F3AFC6002899D7 /* AppDelegate.h */,
				58A6D15E20F3AFC6002899D7 /* AppDelegate.m */,
				58A6D16020F3AFC6002899D7 /* ViewController.h */,
				58A6D16120F3AFC6002899D7 /* ViewController.m */,
				58A6D16320F3AFC6002899D7 /* Main.storyboard */,
				58A6D16620F3AFC8002899D7 /* Assets.xcassets */,
				58A6D16820F3AFC8002899D7 /* LaunchScreen.storyboard */,
				58A6D16B20F3AFC8002899D7 /* Info.plist */,
				58A6D16C20F3AFC8002899D7 /* main.m */,
			);
			path = DynamicKit;
			sourceTree = "<group>";
		};
		58A6D17520F3AFC8002899D7 /* DynamicKitTests */ = {
			isa = PBXGroup;
			children = (
				58A6D17620F3AFC8002899D7 /* DynamicKitTests.m */,
				58A6D17820F3AFC8002899D7 /* Info.plist */,
			);
			path = DynamicKitTests;
			sourceTree = "<group>";
		};
/* End PBXGroup section */

/* Begin PBXNativeTarget section */
		58A6D15920F3AFC6002899D7 /* DynamicKit */ = {
			isa = PBXNativeTarget;
			buildConfigurationList = 58A6D17B20F3AFC8002899D7 /* Build configuration list for PBXNativeTarget "DynamicKit" */;
			buildPhases = (
				58A6D15620F3AFC6002899D7 /* Sources */,
				58A6D15720F3AFC6002899D7 /* Frameworks */,
				58A6D15820F3AFC6002899D7 /* Resources */,
			);
			buildRules = (
			);
			dependencies = (
			);
			name = DynamicKit;
			productName = DynamicKit;
			productReference = 58A6D15A20F3AFC6002899D7 /* DynamicKit.app */;
			productType = "com.apple.product-type.application";
		};
		58A6D17120F3AFC8002899D7 /* DynamicKitTests */ = {
			isa = PBXNativeTarget;
			buildConfigurationList = 58A6D17E20F3AFC8002899D7 /* Build configuration list for PBXNativeTarget "DynamicKitTests" */;
			buildPhases = (
				58A6D16E20F3AFC8002899D7 /* Sources */,
				58A6D16F20F3AFC8002899D7 /* Frameworks */,
				58A6D17020F3AFC8002899D7 /* Resources */,
			);
			buildRules = (
			);
			dependencies = (
				58A6D17420F3AFC8002899D7 /* PBXTargetDependency */,
			);
			name = DynamicKitTests;
			productName = DynamicKitTests;
			productReference = 58A6D17220F3AFC8002899D7 /* DynamicKitTests.xctest */;
			productType = "com.apple.product-type.bundle.unit-test";
		};
/* End PBXNativeTarget section */

/* Begin PBXProject section */
		58A6D15220F3AFC6002899D7 /* Project object */ = {
			isa = PBXProject;
			attributes = {
				LastUpgradeCheck = 0940;
				ORGANIZATIONNAME = songzhou;
				TargetAttributes = {
					58A6D15920F3AFC6002899D7 = {
						CreatedOnToolsVersion = 9.4.1;
					};
					58A6D17120F3AFC8002899D7 = {
						CreatedOnToolsVersion = 9.4.1;
						TestTargetID = 58A6D15920F3AFC6002899D7;
					};
				};
			};
			buildConfigurationList = 58A6D15520F3AFC6002899D7 /* Build configuration list for PBXProject "DynamicKit" */;
			compatibilityVersion = "Xcode 9.3";
			developmentRegion = en;
			hasScannedForEncodings = 0;
			knownRegions = (
				en,
				Base,
			);
			mainGroup = 58A6D15120F3AFC6002899D7;
			productRefGroup = 58A6D15B20F3AFC6002899D7 /* Products */;
			projectDirPath = "";
			projectRoot = "";
			targets = (
				58A6D15920F3AFC6002899D7 /* DynamicKit */,
				58A6D17120F3AFC8002899D7 /* DynamicKitTests */,
			);
		};
/* End PBXProject section */

/* Begin PBXResourcesBuildPhase section */
		58A6D15820F3AFC6002899D7 /* Resources */ = {
			isa = PBXResourcesBuildPhase;
			buildActionMask = 2147483647;
			files = (
				58A6D16A20F3AFC8002899D7 /* LaunchScreen.storyboard in Resources */,
				58A6D16720F3AFC8002899D7 /* Assets.xcassets in Resources */,
				58A6D16520F3AFC6002899D7 /* Main.storyboard in Resources */,
			);
			runOnlyForDeploymentPostprocessing = 0;
		};
		58A6D17020F3AFC8002899D7 /* Resources */ = {
			isa = PBXResourcesBuildPhase;
			buildActionMask = 2147483647;
			files = (
			);
			runOnlyForDeploymentPostprocessing = 0;
		};
/* End PBXResourcesBuildPhase section */

/* Begin PBXSourcesBuildPhase section */
		58A6D15620F3AFC6002899D7 /* Sources */ = {
			isa = PBXSourcesBuildPhase;
			buildActionMask = 2147483647;
			files = (
				58A6D16220F3AFC6002899D7 /* ViewController.m in Sources */,
				58A6D16D20F3AFC8002899D7 /* main.m in Sources */,
				58A6D15F20F3AFC6002899D7 /* AppDelegate.m in Sources */,
			);
			runOnlyForDeploymentPostprocessing = 0;
		};
		58A6D16E20F3AFC8002899D7 /* Sources */ = {
			isa = PBXSourcesBuildPhase;
			buildActionMask = 2147483647;
			files = (
				58A6D17720F3AFC8002899D7 /* DynamicKitTests.m in Sources */,
			);
			runOnlyForDeploymentPostprocessing = 0;
		};
/* End PBXSourcesBuildPhase section */

/* Begin PBXTargetDependency section */
		58A6D17420F3AFC8002899D7 /* PBXTargetDependency */ = {
			isa = PBXTargetDependency;
			target = 58A6D15920F3AFC6002899D7 /* DynamicKit */;
			targetProxy = 58A6D17320F3AFC8002899D7 /* PBXContainerItemProxy */;
		};
/* End PBXTargetDependency section */

/* Begin PBXVariantGroup section */
		58A6D16320F3AFC6002899D7 /* Main.storyboard */ = {
			isa = PBXVariantGroup;
			children = (
				58A6D16420F3AFC6002899D7 /* Base */,
			);
			name = Main.storyboard;
			sourceTree = "<group>";
		};
		58A6D16820F3AFC8002899D7 /* LaunchScreen.storyboard */ = {
			isa = PBXVariantGroup;
			children = (
				58A6D16920F3AFC8002899D7 /* Base */,
			);
			name = LaunchScreen.storyboard;
			sourceTree = "<group>";
		};
/* End PBXVariantGroup section */

/* Begin XCBuildConfiguration section */
		58A6D17920F3AFC8002899D7 /* Debug */ = {
			isa = XCBuildConfiguration;
			buildSettings = {
				ALWAYS_SEARCH_USER_PATHS = NO;
				CLANG_ANALYZER_NONNULL = YES;
				CLANG_ANALYZER_NUMBER_OBJECT_CONVERSION = YES_AGGRESSIVE;
				CLANG_CXX_LANGUAGE_STANDARD = "gnu++14";
				CLANG_CXX_LIBRARY = "libc++";
				CLANG_ENABLE_MODULES = YES;
				CLANG_ENABLE_OBJC_ARC = YES;
				CLANG_ENABLE_OBJC_WEAK = YES;
				CLANG_WARN_BLOCK_CAPTURE_AUTORELEASING = YES;
				CLANG_WARN_BOOL_CONVERSION = YES;
				CLANG_WARN_COMMA = YES;
				CLANG_WARN_CONSTANT_CONVERSION = YES;
				CLANG_WARN_DEPRECATED_OBJC_IMPLEMENTATIONS = YES;
				CLANG_WARN_DIRECT_OBJC_ISA_USAGE = YES_ERROR;
				CLANG_WARN_DOCUMENTATION_COMMENTS = YES;
				CLANG_WARN_EMPTY_BODY = YES;
				CLANG_WARN_ENUM_CONVERSION = YES;
				CLANG_WARN_INFINITE_RECURSION = YES;
				CLANG_WARN_INT_CONVERSION = YES;
				CLANG_WARN_NON_LITERAL_NULL_CONVERSION = YES;
				CLANG_WARN_OBJC_IMPLICIT_RETAIN_SELF = YES;
				CLANG_WARN_OBJC_LITERAL_CONVERSION = YES;
				CLANG_WARN_OBJC_ROOT_CLASS = YES_ERROR;
				CLANG_WARN_RANGE_LOOP_ANALYSIS = YES;
				CLANG_WARN_STRICT_PROTOTYPES = YES;
				CLANG_WARN_SUSPICIOUS_MOVE = YES;
				CLANG_WARN_UNGUARDED_AVAILABILITY = YES_AGGRESSIVE;
				CLANG_WARN_UNREACHABLE_CODE = YES;
				CLANG_WARN__DUPLICATE_METHOD_MATCH = YES;
				CODE_SIGN_IDENTITY = "iPhone Developer";
				COPY_PHASE_STRIP = NO;
				DEBUG_INFORMATION_FORMAT = dwarf;
				ENABLE_STRICT_OBJC_MSGSEND = YES;
				ENABLE_TESTABILITY = YES;
				GCC_C_LANGUAGE_STANDARD = gnu11;
				GCC_DYNAMIC_NO_PIC = NO;
				GCC_NO_COMMON_BLOCKS = YES;
				GCC_OPTIMIZATION_LEVEL = 0;
				GCC_PREPROCESSOR_DEFINITIONS = (
					"DEBUG=1",
					"$(inherited)",
				);
				GCC_WARN_64_TO_32_BIT_CONVERSION = YES;
				GCC_WARN_ABOUT_RETURN_TYPE = YES_ERROR;
				GCC_WARN_UNDECLARED_SELECTOR = YES;
				GCC_WARN_UNINITIALIZED_AUTOS = YES_AGGRESSIVE;
				GCC_WARN_UNUSED_FUNCTION = YES;
				GCC_WARN_UNUSED_VARIABLE = YES;
				IPHONEOS_DEPLOYMENT_TARGET = 11.4;
				MTL_ENABLE_DEBUG_INFO = YES;
				ONLY_ACTIVE_ARCH = YES;
				SDKROOT = iphoneos;
			};
			name = Debug;
		};
		58A6D17A20F3AFC8002899D7 /* Release */ = {
			isa = XCBuildConfiguration;
			buildSettings = {
				ALWAYS_SEARCH_USER_PATHS = NO;
				CLANG_ANALYZER_NONNULL = YES;
				CLANG_ANALYZER_NUMBER_OBJECT_CONVERSION = YES_AGGRESSIVE;
				CLANG_CXX_LANGUAGE_STANDARD = "gnu++14";
				CLANG_CXX_LIBRARY = "libc++";
				CLANG_ENABLE_MODULES = YES;
				CLANG_ENABLE_OBJC_ARC = YES;
				CLANG_ENABLE_OBJC_WEAK = YES;
				CLANG_WARN_BLOCK_CAPTURE_AUTORELEASING = YES;
				CLANG_WARN_BOOL_CONVERSION = YES;
				CLANG_WARN_COMMA = YES;
				CLANG_WARN_CONSTANT_CONVERSION = YES;
				CLANG_WARN_DEPRECATED_OBJC_IMPLEMENTATIONS = YES;
				CLANG_WARN_DIRECT_OBJC_ISA_USAGE = YES_ERROR;
				CLANG_WARN_DOCUMENTATION_COMMENTS = YES;
				CLANG_WARN_EMPTY_BODY = YES;
				CLANG_WARN_ENUM_CONVERSION = YES;
				CLANG_WARN_INFINITE_RECURSION = YES;
				CLANG_WARN_INT_CONVERSION = YES;
				CLANG_WARN_NON_LITERAL_NULL_CONVERSION = YES;
				CLANG_WARN_OBJC_IMPLICIT_RETAIN_SELF = YES;
				CLANG_WARN_OBJC_LITERAL_CONVERSION = YES;
				CLANG_WARN_OBJC_ROOT_CLASS = YES_ERROR;
				CLANG_WARN_RANGE_LOOP_ANALYSIS = YES;
				CLANG_WARN_STRICT_PROTOTYPES = YES;
				CLANG_WARN_SUSPICIOUS_MOVE = YES;
				CLANG_WARN_UNGUARDED_AVAILABILITY = YES_AGGRESSIVE;
				CLANG_WARN_UNREACHABLE_CODE = YES;
				CLANG_WARN__DUPLICATE_METHOD_MATCH = YES;
				CODE_SIGN_IDENTITY = "iPhone Developer";
				COPY_PHASE_STRIP = NO;
				DEBUG_INFORMATION_FORMAT = "dwarf-with-dsym";
				ENABLE_NS_ASSERTIONS = NO;
				ENABLE_STRICT_OBJC_MSGSEND = YES;
				GCC_C_LANGUAGE_STANDARD = gnu11;
				GCC_NO_COMMON_BLOCKS = YES;
				GCC_WARN_64_TO_32_BIT_CONVERSION = YES;
				GCC_WARN_ABOUT_RETURN_TYPE = YES_ERROR;
				GCC_WARN_UNDECLARED_SELECTOR = YES;
				GCC_WARN_UNINITIALIZED_AUTOS = YES_AGGRESSIVE;
				GCC_WARN_UNUSED_FUNCTION = YES;
				GCC_WARN_UNUSED_VARIABLE = YES;
				IPHONEOS_DEPLOYMENT_TARGET = 11.4;
				MTL_ENABLE_DEBUG_INFO = NO;
				SDKROOT = iphoneos;
				VALIDATE_PRODUCT = YES;
			};
			name = Release;
		};
		58A6D17C20F3AFC8002899D7 /* Debug */ = {
			isa = XCBuildConfiguration;
			buildSettings = {
				ASSETCATALOG_COMPILER_APPICON_NAME = AppIcon;
				CODE_SIGN_STYLE = Automatic;
				DEVELOPMENT_TEAM = 2484Z5XMVT;
				INFOPLIST_FILE = DynamicKit/Info.plist;
				LD_RUNPATH_SEARCH_PATHS = (
					"$(inherited)",
					"@executable_path/Frameworks",
				);
				PRODUCT_BUNDLE_IDENTIFIER = com.songzhou.DynamicKit;
				PRODUCT_NAME = "$(TARGET_NAME)";
				TARGETED_DEVICE_FAMILY = "1,2";
			};
			name = Debug;
		};
		58A6D17D20F3AFC8002899D7 /* Release */ = {
			isa = XCBuildConfiguration;
			buildSettings = {
				ASSETCATALOG_COMPILER_APPICON_NAME = AppIcon;
				CODE_SIGN_STYLE = Automatic;
				DEVELOPMENT_TEAM = 2484Z5XMVT;
				INFOPLIST_FILE = DynamicKit/Info.plist;
				LD_RUNPATH_SEARCH_PATHS = (
					"$(inherited)",
					"@executable_path/Frameworks",
				);
				PRODUCT_BUNDLE_IDENTIFIER = com.songzhou.DynamicKit;
				PRODUCT_NAME = "$(TARGET_NAME)";
				TARGETED_DEVICE_FAMILY = "1,2";
			};
			name = Release;
		};
		58A6D17F20F3AFC8002899D7 /* Debug */ = {
			isa = XCBuildConfiguration;
			buildSettings = {
				BUNDLE_LOADER = "$(TEST_HOST)";
				CODE_SIGN_STYLE = Automatic;
				DEVELOPMENT_TEAM = 2484Z5XMVT;
				INFOPLIST_FILE = DynamicKitTests/Info.plist;
				LD_RUNPATH_SEARCH_PATHS = (
					"$(inherited)",
					"@executable_path/Frameworks",
					"@loader_path/Frameworks",
				);
				PRODUCT_BUNDLE_IDENTIFIER = com.songzhou.DynamicKitTests;
				PRODUCT_NAME = "$(TARGET_NAME)";
				TARGETED_DEVICE_FAMILY = "1,2";
				TEST_HOST = "$(BUILT_PRODUCTS_DIR)/DynamicKit.app/DynamicKit";
			};
			name = Debug;
		};
		58A6D18020F3AFC8002899D7 /* Release */ = {
			isa = XCBuildConfiguration;
			buildSettings = {
				BUNDLE_LOADER = "$(TEST_HOST)";
				CODE_SIGN_STYLE = Automatic;
				DEVELOPMENT_TEAM = 2484Z5XMVT;
				INFOPLIST_FILE = DynamicKitTests/Info.plist;
				LD_RUNPATH_SEARCH_PATHS = (
					"$(inherited)",
					"@executable_path/Frameworks",
					"@loader_path/Frameworks",
				);
				PRODUCT_BUNDLE_IDENTIFIER = com.songzhou.DynamicKitTests;
				PRODUCT_NAME = "$(TARGET_NAME)";
				TARGETED_DEVICE_FAMILY = "1,2";
				TEST_HOST = "$(BUILT_PRODUCTS_DIR)/DynamicKit.app/DynamicKit";
			};
			name = Release;
		};
/* End XCBuildConfiguration section */

/* Begin XCConfigurationList section */
		58A6D15520F3AFC6002899D7 /* Build configuration list for PBXProject "DynamicKit" */ = {
			isa = XCConfigurationList;
			buildConfigurations = (
				58A6D17920F3AFC8002899D7 /* Debug */,
				58A6D17A20F3AFC8002899D7 /* Release */,
			);
			defaultConfigurationIsVisible = 0;
			defaultConfigurationName = Release;
		};
		58A6D17B20F3AFC8002899D7 /* Build configuration list for PBXNativeTarget "DynamicKit" */ = {
			isa = XCConfigurationList;
			buildConfigurations = (
				58A6D17C20F3AFC8002899D7 /* Debug */,
				58A6D17D20F3AFC8002899D7 /* Release */,
			);
			defaultConfigurationIsVisible = 0;
			defaultConfigurationName = Release;
		};
		58A6D17E20F3AFC8002899D7 /* Build configuration list for PBXNativeTarget "DynamicKitTests" */ = {
			isa = XCConfigurationList;
			buildConfigurations = (
				58A6D17F20F3AFC8002899D7 /* Debug */,
				58A6D18020F3AFC8002899D7 /* Release */,
			);
			defaultConfigurationIsVisible = 0;
			defaultConfigurationName = Release;
		};
/* End XCConfigurationList section */
	};
	rootObject = 58A6D15220F3AFC6002899D7 /* Project object */;
}
